
Microsoft Visual Studio Solution File, Format Version 12.00
# Visual Studio Version 17
VisualStudioVersion = 17.14.36518.9 d17.14
MinimumVisualStudioVersion = 10.0.40219.1
Project("{FAE04EC0-301F-11D3-BF4B-00C04F79EFBC}") = "JivanBandhan4", "JivanBandhan4.csproj", "{5CB48290-FB7D-4D3C-9996-1FB14E77E8BE}"
EndProject
Global
	GlobalSection(SolutionConfigurationPlatforms) = preSolution
		Debug|Any CPU = Debug|Any CPU
		Release|Any CPU = Release|Any CPU
	EndGlobalSection
	GlobalSection(ProjectConfigurationPlatforms) = postSolution
		{5CB48290-FB7D-4D3C-9996-1FB14E77E8BE}.Debug|Any CPU.ActiveCfg = Debug|Any CPU
		{5CB48290-FB7D-4D3C-9996-1FB14E77E8BE}.Debug|Any CPU.Build.0 = Debug|Any CPU
		{5CB48290-FB7D-4D3C-9996-1FB14E77E8BE}.Release|Any CPU.ActiveCfg = Release|Any CPU
		{5CB48290-FB7D-4D3C-9996-1FB14E77E8BE}.Release|Any CPU.Build.0 = Release|Any CPU
	EndGlobalSection
	GlobalSection(SolutionProperties) = preSolution
		HideSolutionNode = FALSE
	EndGlobalSection
	GlobalSection(ExtensibilityGlobals) = postSolution
		SolutionGuid = {08421AC4-1934-4FEE-AB7F-D2B371AB83C0}
	EndGlobalSection
EndGlobal
